
Microsoft Visual Studio Solution File, Format Version 12.00
# Visual Studio Version 17
VisualStudioVersion = 17.14.36804.6 d17.14
MinimumVisualStudioVersion = 10.0.40219.1
Project("{8BC9CEB8-8B4A-11D0-8D11-00A0C91BC942}") = "Pixel Art", "Pixel Art\Pixel Art.vcxproj", "{D354E4AF-AD18-443A-9CF3-1272D5C26172}"
EndProject
Global
	GlobalSection(SolutionConfigurationPlatforms) = preSolution
		Debug|x64 = Debug|x64
		Debug|x86 = Debug|x86
		Release|x64 = Release|x64
		Release|x86 = Release|x86
	EndGlobalSection
	GlobalSection(ProjectConfigurationPlatforms) = postSolution
		{D354E4AF-AD18-443A-9CF3-1272D5C26172}.Debug|x64.ActiveCfg = Debug|x64
		{D354E4AF-AD18-443A-9CF3-1272D5C26172}.Debug|x64.Build.0 = Debug|x64
		{D354E4AF-AD18-443A-9CF3-1272D5C26172}.Debug|x86.ActiveCfg = Debug|Win32
		{D354E4AF-AD18-443A-9CF3-1272D5C26172}.Debug|x86.Build.0 = Debug|Win32
		{D354E4AF-AD18-443A-9CF3-1272D5C26172}.Release|x64.ActiveCfg = Release|x64
		{D354E4AF-AD18-443A-9CF3-1272D5C26172}.Release|x64.Build.0 = Release|x64
		{D354E4AF-AD18-443A-9CF3-1272D5C26172}.Release|x86.ActiveCfg = Release|Win32
		{D354E4AF-AD18-443A-9CF3-1272D5C26172}.Release|x86.Build.0 = Release|Win32
	EndGlobalSection
	GlobalSection(SolutionProperties) = preSolution
		HideSolutionNode = FALSE
	EndGlobalSection
	GlobalSection(ExtensibilityGlobals) = postSolution
		SolutionGuid = {396BDA11-562B-455B-B6B7-3A0F1633717C}
	EndGlobalSection
EndGlobal
